
Microsoft Visual Studio Solution File, Format Version 12.00
# Visual Studio Version 17
VisualStudioVersion = 17.4.33110.190
MinimumVisualStudioVersion = 10.0.40219.1
Project("{2150E333-8FDC-42A3-9474-1A3956D46DE8}") = "src", "src", "{8DD61DBA-777B-4699-8E28-8F05CD22AD67}"
EndProject
Project("{2150E333-8FDC-42A3-9474-1A3956D46DE8}") = "Core", "Core", "{9B3D35A3-466C-42A0-8ADA-15EFC1997106}"
EndProject
Project("{2150E333-8FDC-42A3-9474-1A3956D46DE8}") = "Infrastructure", "Infrastructure", "{9477916B-A68E-44B1-9D09-428D2BD4F784}"
EndProject
Project("{2150E333-8FDC-42A3-9474-1A3956D46DE8}") = "Presentation", "Presentation", "{43CE41A5-6331-458F-956E-5B665DADBFEA}"
EndProject
Project("{FAE04EC0-301F-11D3-BF4B-00C04F79EFBC}") = "MovieFinder.Domain", "MovieFinder.Domain\MovieFinder.Domain.csproj", "{62193199-FC89-43A3-A061-22F8172450AD}"
EndProject
Project("{FAE04EC0-301F-11D3-BF4B-00C04F79EFBC}") = "MovieFinder.Shared", "MovieFinder.Shared\MovieFinder.Shared.csproj", "{34A08A83-65D8-4740-BF35-07A5829F813A}"
EndProject
Project("{FAE04EC0-301F-11D3-BF4B-00C04F79EFBC}") = "MovieFinder.Application", "MovieFinder.Application\MovieFinder.Application.csproj", "{B7BDF2D2-C14D-4BFE-B247-53338C6A2CCB}"
EndProject
Project("{FAE04EC0-301F-11D3-BF4B-00C04F79EFBC}") = "MovieFinder.Client", "MovieFinder.Client\MovieFinder.Client.csproj", "{446B90EB-4A1D-4455-BF3B-427DF622431A}"
EndProject
Project("{2150E333-8FDC-42A3-9474-1A3956D46DE8}") = "Shared", "Shared", "{2EB3ED86-CD9C-4556-B76D-9548B4E4CE23}"
EndProject
Project("{FAE04EC0-301F-11D3-BF4B-00C04F79EFBC}") = "MovieFinder.API", "MovieFinder.API\MovieFinder.API.csproj", "{BAB1AEA7-347D-40A8-B541-F9B413ED5089}"
EndProject
Global
	GlobalSection(SolutionConfigurationPlatforms) = preSolution
		Debug|Any CPU = Debug|Any CPU
		Release|Any CPU = Release|Any CPU
	EndGlobalSection
	GlobalSection(ProjectConfigurationPlatforms) = postSolution
		{62193199-FC89-43A3-A061-22F8172450AD}.Debug|Any CPU.ActiveCfg = Debug|Any CPU
		{62193199-FC89-43A3-A061-22F8172450AD}.Debug|Any CPU.Build.0 = Debug|Any CPU
		{62193199-FC89-43A3-A061-22F8172450AD}.Release|Any CPU.ActiveCfg = Release|Any CPU
		{62193199-FC89-43A3-A061-22F8172450AD}.Release|Any CPU.Build.0 = Release|Any CPU
		{34A08A83-65D8-4740-BF35-07A5829F813A}.Debug|Any CPU.ActiveCfg = Debug|Any CPU
		{34A08A83-65D8-4740-BF35-07A5829F813A}.Debug|Any CPU.Build.0 = Debug|Any CPU
		{34A08A83-65D8-4740-BF35-07A5829F813A}.Release|Any CPU.ActiveCfg = Release|Any CPU
		{34A08A83-65D8-4740-BF35-07A5829F813A}.Release|Any CPU.Build.0 = Release|Any CPU
		{B7BDF2D2-C14D-4BFE-B247-53338C6A2CCB}.Debug|Any CPU.ActiveCfg = Debug|Any CPU
		{B7BDF2D2-C14D-4BFE-B247-53338C6A2CCB}.Debug|Any CPU.Build.0 = Debug|Any CPU
		{B7BDF2D2-C14D-4BFE-B247-53338C6A2CCB}.Release|Any CPU.ActiveCfg = Release|Any CPU
		{B7BDF2D2-C14D-4BFE-B247-53338C6A2CCB}.Release|Any CPU.Build.0 = Release|Any CPU
		{446B90EB-4A1D-4455-BF3B-427DF622431A}.Debug|Any CPU.ActiveCfg = Debug|Any CPU
		{446B90EB-4A1D-4455-BF3B-427DF622431A}.Debug|Any CPU.Build.0 = Debug|Any CPU
		{446B90EB-4A1D-4455-BF3B-427DF622431A}.Release|Any CPU.ActiveCfg = Release|Any CPU
		{446B90EB-4A1D-4455-BF3B-427DF622431A}.Release|Any CPU.Build.0 = Release|Any CPU
		{BAB1AEA7-347D-40A8-B541-F9B413ED5089}.Debug|Any CPU.ActiveCfg = Debug|Any CPU
		{BAB1AEA7-347D-40A8-B541-F9B413ED5089}.Debug|Any CPU.Build.0 = Debug|Any CPU
		{BAB1AEA7-347D-40A8-B541-F9B413ED5089}.Release|Any CPU.ActiveCfg = Release|Any CPU
		{BAB1AEA7-347D-40A8-B541-F9B413ED5089}.Release|Any CPU.Build.0 = Release|Any CPU
	EndGlobalSection
	GlobalSection(SolutionProperties) = preSolution
		HideSolutionNode = FALSE
	EndGlobalSection
	GlobalSection(NestedProjects) = preSolution
		{9B3D35A3-466C-42A0-8ADA-15EFC1997106} = {8DD61DBA-777B-4699-8E28-8F05CD22AD67}
		{9477916B-A68E-44B1-9D09-428D2BD4F784} = {8DD61DBA-777B-4699-8E28-8F05CD22AD67}
		{43CE41A5-6331-458F-956E-5B665DADBFEA} = {8DD61DBA-777B-4699-8E28-8F05CD22AD67}
		{62193199-FC89-43A3-A061-22F8172450AD} = {9B3D35A3-466C-42A0-8ADA-15EFC1997106}
		{34A08A83-65D8-4740-BF35-07A5829F813A} = {2EB3ED86-CD9C-4556-B76D-9548B4E4CE23}
		{B7BDF2D2-C14D-4BFE-B247-53338C6A2CCB} = {9B3D35A3-466C-42A0-8ADA-15EFC1997106}
		{446B90EB-4A1D-4455-BF3B-427DF622431A} = {9477916B-A68E-44B1-9D09-428D2BD4F784}
		{2EB3ED86-CD9C-4556-B76D-9548B4E4CE23} = {8DD61DBA-777B-4699-8E28-8F05CD22AD67}
		{BAB1AEA7-347D-40A8-B541-F9B413ED5089} = {43CE41A5-6331-458F-956E-5B665DADBFEA}
	EndGlobalSection
	GlobalSection(ExtensibilityGlobals) = postSolution
		SolutionGuid = {EC0F577B-2E35-4593-A22F-9005776DAD4E}
	EndGlobalSection
EndGlobal
